
Microsoft Visual Studio Solution File, Format Version 12.00
# Visual Studio Version 16
VisualStudioVersion = 16.0.30104.148
MinimumVisualStudioVersion = 10.0.40219.1
Project("{FAE04EC0-301F-11D3-BF4B-00C04F79EFBC}") = "ControlDeCalidad.Presentacion", "ControlDeCalidad\ControlDeCalidad.Presentacion.csproj", "{16FB436B-94BF-4395-A351-87D86B047A72}"
EndProject
Project("{FAE04EC0-301F-11D3-BF4B-00C04F79EFBC}") = "ControlDeCalidad.Dominio", "ControlDeCalidad.Dominio\ControlDeCalidad.Dominio.csproj", "{2A89A6C2-8880-47F1-B89D-D44E1E57E696}"
EndProject
Project("{FAE04EC0-301F-11D3-BF4B-00C04F79EFBC}") = "ControlDeCalidad.AccesoADatos", "ControlDeCalidad.AccesoADatos\ControlDeCalidad.AccesoADatos.csproj", "{6543D7F2-C57A-43EE-96AB-72001CFD4D00}"
EndProject
Project("{FAE04EC0-301F-11D3-BF4B-00C04F79EFBC}") = "Test", "Test\Test.csproj", "{B546FE07-C921-49F0-9A1D-F0FA0A7B20B0}"
EndProject
Global
	GlobalSection(SolutionConfigurationPlatforms) = preSolution
		Debug|Any CPU = Debug|Any CPU
		Release|Any CPU = Release|Any CPU
	EndGlobalSection
	GlobalSection(ProjectConfigurationPlatforms) = postSolution
		{16FB436B-94BF-4395-A351-87D86B047A72}.Debug|Any CPU.ActiveCfg = Debug|Any CPU
		{16FB436B-94BF-4395-A351-87D86B047A72}.Debug|Any CPU.Build.0 = Debug|Any CPU
		{16FB436B-94BF-4395-A351-87D86B047A72}.Release|Any CPU.ActiveCfg = Release|Any CPU
		{16FB436B-94BF-4395-A351-87D86B047A72}.Release|Any CPU.Build.0 = Release|Any CPU
		{2A89A6C2-8880-47F1-B89D-D44E1E57E696}.Debug|Any CPU.ActiveCfg = Debug|Any CPU
		{2A89A6C2-8880-47F1-B89D-D44E1E57E696}.Debug|Any CPU.Build.0 = Debug|Any CPU
		{2A89A6C2-8880-47F1-B89D-D44E1E57E696}.Release|Any CPU.ActiveCfg = Release|Any CPU
		{2A89A6C2-8880-47F1-B89D-D44E1E57E696}.Release|Any CPU.Build.0 = Release|Any CPU
		{6543D7F2-C57A-43EE-96AB-72001CFD4D00}.Debug|Any CPU.ActiveCfg = Debug|Any CPU
		{6543D7F2-C57A-43EE-96AB-72001CFD4D00}.Debug|Any CPU.Build.0 = Debug|Any CPU
		{6543D7F2-C57A-43EE-96AB-72001CFD4D00}.Release|Any CPU.ActiveCfg = Release|Any CPU
		{6543D7F2-C57A-43EE-96AB-72001CFD4D00}.Release|Any CPU.Build.0 = Release|Any CPU
		{B546FE07-C921-49F0-9A1D-F0FA0A7B20B0}.Debug|Any CPU.ActiveCfg = Debug|Any CPU
		{B546FE07-C921-49F0-9A1D-F0FA0A7B20B0}.Debug|Any CPU.Build.0 = Debug|Any CPU
		{B546FE07-C921-49F0-9A1D-F0FA0A7B20B0}.Release|Any CPU.ActiveCfg = Release|Any CPU
		{B546FE07-C921-49F0-9A1D-F0FA0A7B20B0}.Release|Any CPU.Build.0 = Release|Any CPU
	EndGlobalSection
	GlobalSection(SolutionProperties) = preSolution
		HideSolutionNode = FALSE
	EndGlobalSection
	GlobalSection(ExtensibilityGlobals) = postSolution
		SolutionGuid = {526BC7F5-4AE5-442B-9913-A6C0785AD01B}
	EndGlobalSection
EndGlobal
